
Microsoft Visual Studio Solution File, Format Version 12.00
# Visual Studio Version 16
VisualStudioVersion = 16.0.30804.86
MinimumVisualStudioVersion = 10.0.40219.1
Project("{FAE04EC0-301F-11D3-BF4B-00C04F79EFBC}") = "PartialMockClassLibrary", "PartialMockClassLibrary\PartialMockClassLibrary.csproj", "{89CA019B-9BB5-4322-9759-A33653406051}"
EndProject
Project("{FAE04EC0-301F-11D3-BF4B-00C04F79EFBC}") = "PartialMockClassLibraryTest", "PartialMockClassLibraryTest\PartialMockClassLibraryTest.csproj", "{A88F7A0F-B407-475A-9A42-06589A6CE315}"
EndProject
Global
	GlobalSection(SolutionConfigurationPlatforms) = preSolution
		Debug|Any CPU = Debug|Any CPU
		Release|Any CPU = Release|Any CPU
	EndGlobalSection
	GlobalSection(ProjectConfigurationPlatforms) = postSolution
		{89CA019B-9BB5-4322-9759-A33653406051}.Debug|Any CPU.ActiveCfg = Debug|Any CPU
		{89CA019B-9BB5-4322-9759-A33653406051}.Debug|Any CPU.Build.0 = Debug|Any CPU
		{89CA019B-9BB5-4322-9759-A33653406051}.Release|Any CPU.ActiveCfg = Release|Any CPU
		{89CA019B-9BB5-4322-9759-A33653406051}.Release|Any CPU.Build.0 = Release|Any CPU
		{A88F7A0F-B407-475A-9A42-06589A6CE315}.Debug|Any CPU.ActiveCfg = Debug|Any CPU
		{A88F7A0F-B407-475A-9A42-06589A6CE315}.Debug|Any CPU.Build.0 = Debug|Any CPU
		{A88F7A0F-B407-475A-9A42-06589A6CE315}.Release|Any CPU.ActiveCfg = Release|Any CPU
		{A88F7A0F-B407-475A-9A42-06589A6CE315}.Release|Any CPU.Build.0 = Release|Any CPU
	EndGlobalSection
	GlobalSection(SolutionProperties) = preSolution
		HideSolutionNode = FALSE
	EndGlobalSection
	GlobalSection(ExtensibilityGlobals) = postSolution
		SolutionGuid = {3D6BC2E8-C992-4E48-B0E8-53F31CB366D4}
	EndGlobalSection
EndGlobal
